
Microsoft Visual Studio Solution File, Format Version 12.00
# Visual Studio 15
VisualStudioVersion = 15.0.28307.329
MinimumVisualStudioVersion = 10.0.40219.1
Project("{9A19103F-16F7-4668-BE54-9A1E7A4F7556}") = "StoneAge.Data.FileSystem", "StoneAge.Data.FileSystem\StoneAge.Data.FileSystem.csproj", "{E2E2178D-D6DA-48E5-A698-F9291B249838}"
EndProject
Project("{9A19103F-16F7-4668-BE54-9A1E7A4F7556}") = "StoneAge.Data.FileSystem.Tests", "StoneAge.Data.FileSystem.Tests\StoneAge.Data.FileSystem.Tests.csproj", "{97FCC2FB-F5CD-4AAD-BDA6-E5880E2B6646}"
EndProject
Global
	GlobalSection(SolutionConfigurationPlatforms) = preSolution
		Debug|Any CPU = Debug|Any CPU
		Release|Any CPU = Release|Any CPU
	EndGlobalSection
	GlobalSection(ProjectConfigurationPlatforms) = postSolution
		{E2E2178D-D6DA-48E5-A698-F9291B249838}.Debug|Any CPU.ActiveCfg = Debug|Any CPU
		{E2E2178D-D6DA-48E5-A698-F9291B249838}.Debug|Any CPU.Build.0 = Debug|Any CPU
		{E2E2178D-D6DA-48E5-A698-F9291B249838}.Release|Any CPU.ActiveCfg = Release|Any CPU
		{E2E2178D-D6DA-48E5-A698-F9291B249838}.Release|Any CPU.Build.0 = Release|Any CPU
		{97FCC2FB-F5CD-4AAD-BDA6-E5880E2B6646}.Debug|Any CPU.ActiveCfg = Debug|Any CPU
		{97FCC2FB-F5CD-4AAD-BDA6-E5880E2B6646}.Debug|Any CPU.Build.0 = Debug|Any CPU
		{97FCC2FB-F5CD-4AAD-BDA6-E5880E2B6646}.Release|Any CPU.ActiveCfg = Release|Any CPU
		{97FCC2FB-F5CD-4AAD-BDA6-E5880E2B6646}.Release|Any CPU.Build.0 = Release|Any CPU
	EndGlobalSection
	GlobalSection(SolutionProperties) = preSolution
		HideSolutionNode = FALSE
	EndGlobalSection
	GlobalSection(ExtensibilityGlobals) = postSolution
		SolutionGuid = {8DEB3305-F26C-4EEF-ADA5-928E256BACD8}
	EndGlobalSection
EndGlobal
