
Microsoft Visual Studio Solution File, Format Version 12.00
# Visual Studio 15
VisualStudioVersion = 15.0.28307.329
MinimumVisualStudioVersion = 10.0.40219.1
Project("{9A19103F-16F7-4668-BE54-9A1E7A4F7556}") = "StoneAge.FileStore", "StoneAge.Data.FileSystem\StoneAge.FileStore.csproj", "{E2E2178D-D6DA-48E5-A698-F9291B249838}"
EndProject
Project("{9A19103F-16F7-4668-BE54-9A1E7A4F7556}") = "StoneAge.FileStore.Tests", "StoneAge.Data.FileSystem.Tests\StoneAge.FileStore.Tests.csproj", "{FF5117B1-742A-4562-AD48-BAA1BB4A57D2}"
EndProject
Global
	GlobalSection(SolutionConfigurationPlatforms) = preSolution
		Debug|Any CPU = Debug|Any CPU
		Release|Any CPU = Release|Any CPU
	EndGlobalSection
	GlobalSection(ProjectConfigurationPlatforms) = postSolution
		{E2E2178D-D6DA-48E5-A698-F9291B249838}.Debug|Any CPU.ActiveCfg = Debug|Any CPU
		{E2E2178D-D6DA-48E5-A698-F9291B249838}.Debug|Any CPU.Build.0 = Debug|Any CPU
		{E2E2178D-D6DA-48E5-A698-F9291B249838}.Release|Any CPU.ActiveCfg = Release|Any CPU
		{E2E2178D-D6DA-48E5-A698-F9291B249838}.Release|Any CPU.Build.0 = Release|Any CPU
		{FF5117B1-742A-4562-AD48-BAA1BB4A57D2}.Debug|Any CPU.ActiveCfg = Debug|Any CPU
		{FF5117B1-742A-4562-AD48-BAA1BB4A57D2}.Debug|Any CPU.Build.0 = Debug|Any CPU
		{FF5117B1-742A-4562-AD48-BAA1BB4A57D2}.Release|Any CPU.ActiveCfg = Release|Any CPU
		{FF5117B1-742A-4562-AD48-BAA1BB4A57D2}.Release|Any CPU.Build.0 = Release|Any CPU
	EndGlobalSection
	GlobalSection(SolutionProperties) = preSolution
		HideSolutionNode = FALSE
	EndGlobalSection
	GlobalSection(ExtensibilityGlobals) = postSolution
		SolutionGuid = {8DEB3305-F26C-4EEF-ADA5-928E256BACD8}
	EndGlobalSection
EndGlobal
